
Microsoft Visual Studio Solution File, Format Version 12.00
# Visual Studio Version 16
VisualStudioVersion = 16.0.30128.74
MinimumVisualStudioVersion = 10.0.40219.1
Project("{2150E333-8FDC-42A3-9474-1A3956D46DE8}") = "Module 10", "Module 10", "{6583D173-C80D-4AAF-B85D-46F15787EEF1}"
EndProject
Project("{9A19103F-16F7-4668-BE54-9A1E7A4F7556}") = "Demo", "Module10\Demo\Demo.csproj", "{93155354-AD2B-4B72-B966-A83EA80DB18B}"
EndProject
Project("{2150E333-8FDC-42A3-9474-1A3956D46DE8}") = "Module 5", "Module 5", "{FF6F897B-F856-4F09-8540-2FDDBB90F84B}"
EndProject
Project("{FAE04EC0-301F-11D3-BF4B-00C04F79EFBC}") = "Demo-Avoid-Primitive-Types", "Module 5\Demo-Avoid-Primitive-Types\Demo-Avoid-Primitive-Types.csproj", "{A4AEF92C-FEED-424A-AEB5-9F6727B10888}"
EndProject
Global
	GlobalSection(SolutionConfigurationPlatforms) = preSolution
		Debug|Any CPU = Debug|Any CPU
		Release|Any CPU = Release|Any CPU
	EndGlobalSection
	GlobalSection(ProjectConfigurationPlatforms) = postSolution
		{93155354-AD2B-4B72-B966-A83EA80DB18B}.Debug|Any CPU.ActiveCfg = Debug|Any CPU
		{93155354-AD2B-4B72-B966-A83EA80DB18B}.Debug|Any CPU.Build.0 = Debug|Any CPU
		{93155354-AD2B-4B72-B966-A83EA80DB18B}.Release|Any CPU.ActiveCfg = Release|Any CPU
		{93155354-AD2B-4B72-B966-A83EA80DB18B}.Release|Any CPU.Build.0 = Release|Any CPU
		{A4AEF92C-FEED-424A-AEB5-9F6727B10888}.Debug|Any CPU.ActiveCfg = Debug|Any CPU
		{A4AEF92C-FEED-424A-AEB5-9F6727B10888}.Debug|Any CPU.Build.0 = Debug|Any CPU
		{A4AEF92C-FEED-424A-AEB5-9F6727B10888}.Release|Any CPU.ActiveCfg = Release|Any CPU
		{A4AEF92C-FEED-424A-AEB5-9F6727B10888}.Release|Any CPU.Build.0 = Release|Any CPU
	EndGlobalSection
	GlobalSection(SolutionProperties) = preSolution
		HideSolutionNode = FALSE
	EndGlobalSection
	GlobalSection(NestedProjects) = preSolution
		{93155354-AD2B-4B72-B966-A83EA80DB18B} = {6583D173-C80D-4AAF-B85D-46F15787EEF1}
		{A4AEF92C-FEED-424A-AEB5-9F6727B10888} = {FF6F897B-F856-4F09-8540-2FDDBB90F84B}
	EndGlobalSection
	GlobalSection(ExtensibilityGlobals) = postSolution
		SolutionGuid = {71DC5A68-A14A-4243-BA47-602A8E1EFCD2}
	EndGlobalSection
EndGlobal
